
Microsoft Visual Studio Solution File, Format Version 12.00
# Visual Studio Version 17
VisualStudioVersion = 17.0.31903.59
MinimumVisualStudioVersion = 10.0.40219.1
Project("{FAE04EC0-301F-11D3-BF4B-00C04F79EFBC}") = "Tests", "Brain.Test\Tests.csproj", "{BA69E975-18F4-40FD-BB26-EE8E79C01645}"
EndProject
Project("{FAE04EC0-301F-11D3-BF4B-00C04F79EFBC}") = "BrainFuck", "Brain.Fuck\BrainFuck.csproj", "{5E9D00DA-BEAE-416E-8D04-F879E38D0BE1}"
EndProject
Global
	GlobalSection(SolutionConfigurationPlatforms) = preSolution
		Debug|Any CPU = Debug|Any CPU
		Release|Any CPU = Release|Any CPU
	EndGlobalSection
	GlobalSection(SolutionProperties) = preSolution
		HideSolutionNode = FALSE
	EndGlobalSection
	GlobalSection(ProjectConfigurationPlatforms) = postSolution
		{BA69E975-18F4-40FD-BB26-EE8E79C01645}.Debug|Any CPU.ActiveCfg = Debug|Any CPU
		{BA69E975-18F4-40FD-BB26-EE8E79C01645}.Debug|Any CPU.Build.0 = Debug|Any CPU
		{BA69E975-18F4-40FD-BB26-EE8E79C01645}.Release|Any CPU.ActiveCfg = Release|Any CPU
		{BA69E975-18F4-40FD-BB26-EE8E79C01645}.Release|Any CPU.Build.0 = Release|Any CPU
		{5E9D00DA-BEAE-416E-8D04-F879E38D0BE1}.Debug|Any CPU.ActiveCfg = Debug|Any CPU
		{5E9D00DA-BEAE-416E-8D04-F879E38D0BE1}.Debug|Any CPU.Build.0 = Debug|Any CPU
		{5E9D00DA-BEAE-416E-8D04-F879E38D0BE1}.Release|Any CPU.ActiveCfg = Release|Any CPU
		{5E9D00DA-BEAE-416E-8D04-F879E38D0BE1}.Release|Any CPU.Build.0 = Release|Any CPU
	EndGlobalSection
EndGlobal
